{
  "name": "common",
  "version": "1.0.0",
  "lockfileVersion": 3,
  "requires": true,
  "packages": {
    "": {
      "name": "common",
      "version": "1.0.0",
      "license": "ISC",
      "dependencies": {
        "zod": "^3.22.1"
      }
    },
    "node_modules/zod": {
      "version": "3.22.1",
      "resolved": "https://registry.npmjs.org/zod/-/zod-3.22.1.tgz",
      "integrity": "sha512-+qUhAMl414+Elh+fRNtpU+byrwjDFOS1N7NioLY+tSlcADTx4TkCUua/hxJvxwDXcV4397/nZ420jy4n4+3WUg==",
      "funding": {
        "url": "https://github.com/sponsors/colinhacks"
      }
    }
  }
}
